
Microsoft Visual Studio Solution File, Format Version 12.00
# Visual Studio 14
VisualStudioVersion = 14.0.25123.0
MinimumVisualStudioVersion = 10.0.40219.1
Project("{FAE04EC0-301F-11D3-BF4B-00C04F79EFBC}") = "Quiplash Question Editor", "Quiplash Question Editor\Quiplash Question Editor.csproj", "{A0ED830D-B222-4BE6-97D1-96F57313F393}"
EndProject
Project("{6141683F-8A12-4E36-9623-2EB02B2C2303}") = "Setup", "Setup\Setup.isproj", "{A9792BC3-1DA6-467A-80E8-561804895868}"
EndProject
Global
	GlobalSection(SolutionConfigurationPlatforms) = preSolution
		CD_ROM|x86 = CD_ROM|x86
		Debug|x86 = Debug|x86
		DVD-5|x86 = DVD-5|x86
		Release|x86 = Release|x86
		SingleImage|x86 = SingleImage|x86
	EndGlobalSection
	GlobalSection(ProjectConfigurationPlatforms) = postSolution
		{A0ED830D-B222-4BE6-97D1-96F57313F393}.CD_ROM|x86.ActiveCfg = Release|x86
		{A0ED830D-B222-4BE6-97D1-96F57313F393}.CD_ROM|x86.Build.0 = Release|x86
		{A0ED830D-B222-4BE6-97D1-96F57313F393}.Debug|x86.ActiveCfg = Debug|x86
		{A0ED830D-B222-4BE6-97D1-96F57313F393}.Debug|x86.Build.0 = Debug|x86
		{A0ED830D-B222-4BE6-97D1-96F57313F393}.DVD-5|x86.ActiveCfg = Debug|x86
		{A0ED830D-B222-4BE6-97D1-96F57313F393}.DVD-5|x86.Build.0 = Debug|x86
		{A0ED830D-B222-4BE6-97D1-96F57313F393}.Release|x86.ActiveCfg = Release|x86
		{A0ED830D-B222-4BE6-97D1-96F57313F393}.Release|x86.Build.0 = Release|x86
		{A0ED830D-B222-4BE6-97D1-96F57313F393}.SingleImage|x86.ActiveCfg = Release|x86
		{A0ED830D-B222-4BE6-97D1-96F57313F393}.SingleImage|x86.Build.0 = Release|x86
		{A9792BC3-1DA6-467A-80E8-561804895868}.CD_ROM|x86.ActiveCfg = CD_ROM
		{A9792BC3-1DA6-467A-80E8-561804895868}.CD_ROM|x86.Build.0 = CD_ROM
		{A9792BC3-1DA6-467A-80E8-561804895868}.Debug|x86.ActiveCfg = DVD-5
		{A9792BC3-1DA6-467A-80E8-561804895868}.Debug|x86.Build.0 = DVD-5
		{A9792BC3-1DA6-467A-80E8-561804895868}.DVD-5|x86.ActiveCfg = DVD-5
		{A9792BC3-1DA6-467A-80E8-561804895868}.DVD-5|x86.Build.0 = DVD-5
		{A9792BC3-1DA6-467A-80E8-561804895868}.Release|x86.ActiveCfg = SingleImage
		{A9792BC3-1DA6-467A-80E8-561804895868}.Release|x86.Build.0 = SingleImage
		{A9792BC3-1DA6-467A-80E8-561804895868}.SingleImage|x86.ActiveCfg = SingleImage
		{A9792BC3-1DA6-467A-80E8-561804895868}.SingleImage|x86.Build.0 = SingleImage
	EndGlobalSection
	GlobalSection(SolutionProperties) = preSolution
		HideSolutionNode = FALSE
	EndGlobalSection
EndGlobal
